// !$*UTF8*$!
{
	archiveVersion = 1;
	classes = {
	};
	objectVersion = 55;
	objects = {

/* Begin PBXBuildFile section */
		FDA4CF01289DB1EA00255671 /* AppDelegate.swift in Sources */ = {isa = PBXBuildFile; fileRef = FDA4CF00289DB1EA00255671 /* AppDelegate.swift */; };
		FDA4CF03289DB1EA00255671 /* SceneDelegate.swift in Sources */ = {isa = PBXBuildFile; fileRef = FDA4CF02289DB1EA00255671 /* SceneDelegate.swift */; };
		FDA4CF05289DB1EA00255671 /* ViewController.swift in Sources */ = {isa = PBXBuildFile; fileRef = FDA4CF04289DB1EA00255671 /* ViewController.swift */; };
		FDA4CF0A289DB1EB00255671 /* Assets.xcassets in Resources */ = {isa = PBXBuildFile; fileRef = FDA4CF09289DB1EB00255671 /* Assets.xcassets */; };
		FDA4CF0D289DB1EB00255671 /* LaunchScreen.storyboard in Resources */ = {isa = PBXBuildFile; fileRef = FDA4CF0B289DB1EB00255671 /* LaunchScreen.storyboard */; };
		FDA4CF18289DB1EB00255671 /* ApprenTic_Tac_ToeTests.swift in Sources */ = {isa = PBXBuildFile; fileRef = FDA4CF17289DB1EB00255671 /* ApprenTic_Tac_ToeTests.swift */; };
		FDA4CF22289DB1EB00255671 /* ApprenTic_Tac_ToeUITests.swift in Sources */ = {isa = PBXBuildFile; fileRef = FDA4CF21289DB1EB00255671 /* ApprenTic_Tac_ToeUITests.swift */; };
		FDA4CF24289DB1EB00255671 /* ApprenTic_Tac_ToeUITestsLaunchTests.swift in Sources */ = {isa = PBXBuildFile; fileRef = FDA4CF23289DB1EB00255671 /* ApprenTic_Tac_ToeUITestsLaunchTests.swift */; };
		FDA4CF3128A2D4CA00255671 /* TicTacButton.swift in Sources */ = {isa = PBXBuildFile; fileRef = FDA4CF3028A2D4CA00255671 /* TicTacButton.swift */; };
/* End PBXBuildFile section */

/* Begin PBXContainerItemProxy section */
		FDA4CF14289DB1EB00255671 /* PBXContainerItemProxy */ = {
			isa = PBXContainerItemProxy;
			containerPortal = FDA4CEF5289DB1EA00255671 /* Project object */;
			proxyType = 1;
			remoteGlobalIDString = FDA4CEFC289DB1EA00255671;
			remoteInfo = "ApprenTic Tac Toe";
		};
		FDA4CF1E289DB1EB00255671 /* PBXContainerItemProxy */ = {
			isa = PBXContainerItemProxy;
			containerPortal = FDA4CEF5289DB1EA00255671 /* Project object */;
			proxyType = 1;
			remoteGlobalIDString = FDA4CEFC289DB1EA00255671;
			remoteInfo = "ApprenTic Tac Toe";
		};
/* End PBXContainerItemProxy section */

/* Begin PBXFileReference section */
		FDA4CEFD289DB1EA00255671 /* ApprenTic Tac Toe.app */ = {isa = PBXFileReference; explicitFileType = wrapper.application; includeInIndex = 0; path = "ApprenTic Tac Toe.app"; sourceTree = BUILT_PRODUCTS_DIR; };
		FDA4CF00289DB1EA00255671 /* AppDelegate.swift */ = {isa = PBXFileReference; lastKnownFileType = sourcecode.swift; path = AppDelegate.swift; sourceTree = "<group>"; };
		FDA4CF02289DB1EA00255671 /* SceneDelegate.swift */ = {isa = PBXFileReference; lastKnownFileType = sourcecode.swift; path = SceneDelegate.swift; sourceTree = "<group>"; };
		FDA4CF04289DB1EA00255671 /* ViewController.swift */ = {isa = PBXFileReference; lastKnownFileType = sourcecode.swift; path = ViewController.swift; sourceTree = "<group>"; };
		FDA4CF09289DB1EB00255671 /* Assets.xcassets */ = {isa = PBXFileReference; lastKnownFileType = folder.assetcatalog; path = Assets.xcassets; sourceTree = "<group>"; };
		FDA4CF0C289DB1EB00255671 /* Base */ = {isa = PBXFileReference; lastKnownFileType = file.storyboard; name = Base; path = Base.lproj/LaunchScreen.storyboard; sourceTree = "<group>"; };
		FDA4CF0E289DB1EB00255671 /* Info.plist */ = {isa = PBXFileReference; lastKnownFileType = text.plist.xml; path = Info.plist; sourceTree = "<group>"; };
		FDA4CF13289DB1EB00255671 /* ApprenTic Tac ToeTests.xctest */ = {isa = PBXFileReference; explicitFileType = wrapper.cfbundle; includeInIndex = 0; path = "ApprenTic Tac ToeTests.xctest"; sourceTree = BUILT_PRODUCTS_DIR; };
		FDA4CF17289DB1EB00255671 /* ApprenTic_Tac_ToeTests.swift */ = {isa = PBXFileReference; lastKnownFileType = sourcecode.swift; path = ApprenTic_Tac_ToeTests.swift; sourceTree = "<group>"; };
		FDA4CF1D289DB1EB00255671 /* ApprenTic Tac ToeUITests.xctest */ = {isa = PBXFileReference; explicitFileType = wrapper.cfbundle; includeInIndex = 0; path = "ApprenTic Tac ToeUITests.xctest"; sourceTree = BUILT_PRODUCTS_DIR; };
		FDA4CF21289DB1EB00255671 /* ApprenTic_Tac_ToeUITests.swift */ = {isa = PBXFileReference; lastKnownFileType = sourcecode.swift; path = ApprenTic_Tac_ToeUITests.swift; sourceTree = "<group>"; };
		FDA4CF23289DB1EB00255671 /* ApprenTic_Tac_ToeUITestsLaunchTests.swift */ = {isa = PBXFileReference; lastKnownFileType = sourcecode.swift; path = ApprenTic_Tac_ToeUITestsLaunchTests.swift; sourceTree = "<group>"; };
		FDA4CF3028A2D4CA00255671 /* TicTacButton.swift */ = {isa = PBXFileReference; lastKnownFileType = sourcecode.swift; path = TicTacButton.swift; sourceTree = "<group>"; };
/* End PBXFileReference section */

/* Begin PBXFrameworksBuildPhase section */
		FDA4CEFA289DB1EA00255671 /* Frameworks */ = {
			isa = PBXFrameworksBuildPhase;
			buildActionMask = 2147483647;
			files = (
			);
			runOnlyForDeploymentPostprocessing = 0;
		};
		FDA4CF10289DB1EB00255671 /* Frameworks */ = {
			isa = PBXFrameworksBuildPhase;
			buildActionMask = 2147483647;
			files = (
			);
			runOnlyForDeploymentPostprocessing = 0;
		};
		FDA4CF1A289DB1EB00255671 /* Frameworks */ = {
			isa = PBXFrameworksBuildPhase;
			buildActionMask = 2147483647;
			files = (
			);
			runOnlyForDeploymentPostprocessing = 0;
		};
/* End PBXFrameworksBuildPhase section */

/* Begin PBXGroup section */
		FDA4CEF4289DB1EA00255671 = {
			isa = PBXGroup;
			children = (
				FDA4CEFF289DB1EA00255671 /* ApprenTic Tac Toe */,
				FDA4CF16289DB1EB00255671 /* ApprenTic Tac ToeTests */,
				FDA4CF20289DB1EB00255671 /* ApprenTic Tac ToeUITests */,
				FDA4CEFE289DB1EA00255671 /* Products */,
			);
			sourceTree = "<group>";
		};
		FDA4CEFE289DB1EA00255671 /* Products */ = {
			isa = PBXGroup;
			children = (
				FDA4CEFD289DB1EA00255671 /* ApprenTic Tac Toe.app */,
				FDA4CF13289DB1EB00255671 /* ApprenTic Tac ToeTests.xctest */,
				FDA4CF1D289DB1EB00255671 /* ApprenTic Tac ToeUITests.xctest */,
			);
			name = Products;
			sourceTree = "<group>";
		};
		FDA4CEFF289DB1EA00255671 /* ApprenTic Tac Toe */ = {
			isa = PBXGroup;
			children = (
				FDA4CF00289DB1EA00255671 /* AppDelegate.swift */,
				FDA4CF02289DB1EA00255671 /* SceneDelegate.swift */,
				FDA4CF04289DB1EA00255671 /* ViewController.swift */,
				FDA4CF3028A2D4CA00255671 /* TicTacButton.swift */,
				FDA4CF09289DB1EB00255671 /* Assets.xcassets */,
				FDA4CF0B289DB1EB00255671 /* LaunchScreen.storyboard */,
				FDA4CF0E289DB1EB00255671 /* Info.plist */,
			);
			path = "ApprenTic Tac Toe";
			sourceTree = "<group>";
		};
		FDA4CF16289DB1EB00255671 /* ApprenTic Tac ToeTests */ = {
			isa = PBXGroup;
			children = (
				FDA4CF17289DB1EB00255671 /* ApprenTic_Tac_ToeTests.swift */,
			);
			path = "ApprenTic Tac ToeTests";
			sourceTree = "<group>";
		};
		FDA4CF20289DB1EB00255671 /* ApprenTic Tac ToeUITests */ = {
			isa = PBXGroup;
			children = (
				FDA4CF21289DB1EB00255671 /* ApprenTic_Tac_ToeUITests.swift */,
				FDA4CF23289DB1EB00255671 /* ApprenTic_Tac_ToeUITestsLaunchTests.swift */,
			);
			path = "ApprenTic Tac ToeUITests";
			sourceTree = "<group>";
		};
/* End PBXGroup section */

/* Begin PBXNativeTarget section */
		FDA4CEFC289DB1EA00255671 /* ApprenTic Tac Toe */ = {
			isa = PBXNativeTarget;
			buildConfigurationList = FDA4CF27289DB1EB00255671 /* Build configuration list for PBXNativeTarget "ApprenTic Tac Toe" */;
			buildPhases = (
				FDA4CEF9289DB1EA00255671 /* Sources */,
				FDA4CEFA289DB1EA00255671 /* Frameworks */,
				FDA4CEFB289DB1EA00255671 /* Resources */,
			);
			buildRules = (
			);
			dependencies = (
			);
			name = "ApprenTic Tac Toe";
			productName = "ApprenTic Tac Toe";
			productReference = FDA4CEFD289DB1EA00255671 /* ApprenTic Tac Toe.app */;
			productType = "com.apple.product-type.application";
		};
		FDA4CF12289DB1EB00255671 /* ApprenTic Tac ToeTests */ = {
			isa = PBXNativeTarget;
			buildConfigurationList = FDA4CF2A289DB1EB00255671 /* Build configuration list for PBXNativeTarget "ApprenTic Tac ToeTests" */;
			buildPhases = (
				FDA4CF0F289DB1EB00255671 /* Sources */,
				FDA4CF10289DB1EB00255671 /* Frameworks */,
				FDA4CF11289DB1EB00255671 /* Resources */,
			);
			buildRules = (
			);
			dependencies = (
				FDA4CF15289DB1EB00255671 /* PBXTargetDependency */,
			);
			name = "ApprenTic Tac ToeTests";
			productName = "ApprenTic Tac ToeTests";
			productReference = FDA4CF13289DB1EB00255671 /* ApprenTic Tac ToeTests.xctest */;
			productType = "com.apple.product-type.bundle.unit-test";
		};
		FDA4CF1C289DB1EB00255671 /* ApprenTic Tac ToeUITests */ = {
			isa = PBXNativeTarget;
			buildConfigurationList = FDA4CF2D289DB1EB00255671 /* Build configuration list for PBXNativeTarget "ApprenTic Tac ToeUITests" */;
			buildPhases = (
				FDA4CF19289DB1EB00255671 /* Sources */,
				FDA4CF1A289DB1EB00255671 /* Frameworks */,
				FDA4CF1B289DB1EB00255671 /* Resources */,
			);
			buildRules = (
			);
			dependencies = (
				FDA4CF1F289DB1EB00255671 /* PBXTargetDependency */,
			);
			name = "ApprenTic Tac ToeUITests";
			productName = "ApprenTic Tac ToeUITests";
			productReference = FDA4CF1D289DB1EB00255671 /* ApprenTic Tac ToeUITests.xctest */;
			productType = "com.apple.product-type.bundle.ui-testing";
		};
/* End PBXNativeTarget section */

/* Begin PBXProject section */
		FDA4CEF5289DB1EA00255671 /* Project object */ = {
			isa = PBXProject;
			attributes = {
				BuildIndependentTargetsInParallel = 1;
				LastSwiftUpdateCheck = 1340;
				LastUpgradeCheck = 1340;
				TargetAttributes = {
					FDA4CEFC289DB1EA00255671 = {
						CreatedOnToolsVersion = 13.4.1;
					};
					FDA4CF12289DB1EB00255671 = {
						CreatedOnToolsVersion = 13.4.1;
						TestTargetID = FDA4CEFC289DB1EA00255671;
					};
					FDA4CF1C289DB1EB00255671 = {
						CreatedOnToolsVersion = 13.4.1;
						TestTargetID = FDA4CEFC289DB1EA00255671;
					};
				};
			};
			buildConfigurationList = FDA4CEF8289DB1EA00255671 /* Build configuration list for PBXProject "ApprenTic Tac Toe" */;
			compatibilityVersion = "Xcode 13.0";
			developmentRegion = en;
			hasScannedForEncodings = 0;
			knownRegions = (
				en,
				Base,
			);
			mainGroup = FDA4CEF4289DB1EA00255671;
			productRefGroup = FDA4CEFE289DB1EA00255671 /* Products */;
			projectDirPath = "";
			projectRoot = "";
			targets = (
				FDA4CEFC289DB1EA00255671 /* ApprenTic Tac Toe */,
				FDA4CF12289DB1EB00255671 /* ApprenTic Tac ToeTests */,
				FDA4CF1C289DB1EB00255671 /* ApprenTic Tac ToeUITests */,
			);
		};
/* End PBXProject section */

/* Begin PBXResourcesBuildPhase section */
		FDA4CEFB289DB1EA00255671 /* Resources */ = {
			isa = PBXResourcesBuildPhase;
			buildActionMask = 2147483647;
			files = (
				FDA4CF0D289DB1EB00255671 /* LaunchScreen.storyboard in Resources */,
				FDA4CF0A289DB1EB00255671 /* Assets.xcassets in Resources */,
			);
			runOnlyForDeploymentPostprocessing = 0;
		};
		FDA4CF11289DB1EB00255671 /* Resources */ = {
			isa = PBXResourcesBuildPhase;
			buildActionMask = 2147483647;
			files = (
			);
			runOnlyForDeploymentPostprocessing = 0;
		};
		FDA4CF1B289DB1EB00255671 /* Resources */ = {
			isa = PBXResourcesBuildPhase;
			buildActionMask = 2147483647;
			files = (
			);
			runOnlyForDeploymentPostprocessing = 0;
		};
/* End PBXResourcesBuildPhase section */

/* Begin PBXSourcesBuildPhase section */
		FDA4CEF9289DB1EA00255671 /* Sources */ = {
			isa = PBXSourcesBuildPhase;
			buildActionMask = 2147483647;
			files = (
				FDA4CF05289DB1EA00255671 /* ViewController.swift in Sources */,
				FDA4CF3128A2D4CA00255671 /* TicTacButton.swift in Sources */,
				FDA4CF01289DB1EA00255671 /* AppDelegate.swift in Sources */,
				FDA4CF03289DB1EA00255671 /* SceneDelegate.swift in Sources */,
			);
			runOnlyForDeploymentPostprocessing = 0;
		};
		FDA4CF0F289DB1EB00255671 /* Sources */ = {
			isa = PBXSourcesBuildPhase;
			buildActionMask = 2147483647;
			files = (
				FDA4CF18289DB1EB00255671 /* ApprenTic_Tac_ToeTests.swift in Sources */,
			);
			runOnlyForDeploymentPostprocessing = 0;
		};
		FDA4CF19289DB1EB00255671 /* Sources */ = {
			isa = PBXSourcesBuildPhase;
			buildActionMask = 2147483647;
			files = (
				FDA4CF22289DB1EB00255671 /* ApprenTic_Tac_ToeUITests.swift in Sources */,
				FDA4CF24289DB1EB00255671 /* ApprenTic_Tac_ToeUITestsLaunchTests.swift in Sources */,
			);
			runOnlyForDeploymentPostprocessing = 0;
		};
/* End PBXSourcesBuildPhase section */

/* Begin PBXTargetDependency section */
		FDA4CF15289DB1EB00255671 /* PBXTargetDependency */ = {
			isa = PBXTargetDependency;
			target = FDA4CEFC289DB1EA00255671 /* ApprenTic Tac Toe */;
			targetProxy = FDA4CF14289DB1EB00255671 /* PBXContainerItemProxy */;
		};
		FDA4CF1F289DB1EB00255671 /* PBXTargetDependency */ = {
			isa = PBXTargetDependency;
			target = FDA4CEFC289DB1EA00255671 /* ApprenTic Tac Toe */;
			targetProxy = FDA4CF1E289DB1EB00255671 /* PBXContainerItemProxy */;
		};
/* End PBXTargetDependency section */

/* Begin PBXVariantGroup section */
		FDA4CF0B289DB1EB00255671 /* LaunchScreen.storyboard */ = {
			isa = PBXVariantGroup;
			children = (
				FDA4CF0C289DB1EB00255671 /* Base */,
			);
			name = LaunchScreen.storyboard;
			sourceTree = "<group>";
		};
/* End PBXVariantGroup section */

/* Begin XCBuildConfiguration section */
		FDA4CF25289DB1EB00255671 /* Debug */ = {
			isa = XCBuildConfiguration;
			buildSettings = {
				ALWAYS_SEARCH_USER_PATHS = NO;
				CLANG_ANALYZER_NONNULL = YES;
				CLANG_ANALYZER_NUMBER_OBJECT_CONVERSION = YES_AGGRESSIVE;
				CLANG_CXX_LANGUAGE_STANDARD = "gnu++17";
				CLANG_ENABLE_MODULES = YES;
				CLANG_ENABLE_OBJC_ARC = YES;
				CLANG_ENABLE_OBJC_WEAK = YES;
				CLANG_WARN_BLOCK_CAPTURE_AUTORELEASING = YES;
				CLANG_WARN_BOOL_CONVERSION = YES;
				CLANG_WARN_COMMA = YES;
				CLANG_WARN_CONSTANT_CONVERSION = YES;
				CLANG_WARN_DEPRECATED_OBJC_IMPLEMENTATIONS = YES;
				CLANG_WARN_DIRECT_OBJC_ISA_USAGE = YES_ERROR;
				CLANG_WARN_DOCUMENTATION_COMMENTS = YES;
				CLANG_WARN_EMPTY_BODY = YES;
				CLANG_WARN_ENUM_CONVERSION = YES;
				CLANG_WARN_INFINITE_RECURSION = YES;
				CLANG_WARN_INT_CONVERSION = YES;
				CLANG_WARN_NON_LITERAL_NULL_CONVERSION = YES;
				CLANG_WARN_OBJC_IMPLICIT_RETAIN_SELF = YES;
				CLANG_WARN_OBJC_LITERAL_CONVERSION = YES;
				CLANG_WARN_OBJC_ROOT_CLASS = YES_ERROR;
				CLANG_WARN_QUOTED_INCLUDE_IN_FRAMEWORK_HEADER = YES;
				CLANG_WARN_RANGE_LOOP_ANALYSIS = YES;
				CLANG_WARN_STRICT_PROTOTYPES = YES;
				CLANG_WARN_SUSPICIOUS_MOVE = YES;
				CLANG_WARN_UNGUARDED_AVAILABILITY = YES_AGGRESSIVE;
				CLANG_WARN_UNREACHABLE_CODE = YES;
				CLANG_WARN__DUPLICATE_METHOD_MATCH = YES;
				COPY_PHASE_STRIP = NO;
				DEBUG_INFORMATION_FORMAT = dwarf;
				ENABLE_STRICT_OBJC_MSGSEND = YES;
				ENABLE_TESTABILITY = YES;
				GCC_C_LANGUAGE_STANDARD = gnu11;
				GCC_DYNAMIC_NO_PIC = NO;
				GCC_NO_COMMON_BLOCKS = YES;
				GCC_OPTIMIZATION_LEVEL = 0;
				GCC_PREPROCESSOR_DEFINITIONS = (
					"DEBUG=1",
					"$(inherited)",
				);
				GCC_WARN_64_TO_32_BIT_CONVERSION = YES;
				GCC_WARN_ABOUT_RETURN_TYPE = YES_ERROR;
				GCC_WARN_UNDECLARED_SELECTOR = YES;
				GCC_WARN_UNINITIALIZED_AUTOS = YES_AGGRESSIVE;
				GCC_WARN_UNUSED_FUNCTION = YES;
				GCC_WARN_UNUSED_VARIABLE = YES;
				IPHONEOS_DEPLOYMENT_TARGET = 15.5;
				MTL_ENABLE_DEBUG_INFO = INCLUDE_SOURCE;
				MTL_FAST_MATH = YES;
				ONLY_ACTIVE_ARCH = YES;
				SDKROOT = iphoneos;
				SWIFT_ACTIVE_COMPILATION_CONDITIONS = DEBUG;
				SWIFT_OPTIMIZATION_LEVEL = "-Onone";
			};
			name = Debug;
		};
		FDA4CF26289DB1EB00255671 /* Release */ = {
			isa = XCBuildConfiguration;
			buildSettings = {
				ALWAYS_SEARCH_USER_PATHS = NO;
				CLANG_ANALYZER_NONNULL = YES;
				CLANG_ANALYZER_NUMBER_OBJECT_CONVERSION = YES_AGGRESSIVE;
				CLANG_CXX_LANGUAGE_STANDARD = "gnu++17";
				CLANG_ENABLE_MODULES = YES;
				CLANG_ENABLE_OBJC_ARC = YES;
				CLANG_ENABLE_OBJC_WEAK = YES;
				CLANG_WARN_BLOCK_CAPTURE_AUTORELEASING = YES;
				CLANG_WARN_BOOL_CONVERSION = YES;
				CLANG_WARN_COMMA = YES;
				CLANG_WARN_CONSTANT_CONVERSION = YES;
				CLANG_WARN_DEPRECATED_OBJC_IMPLEMENTATIONS = YES;
				CLANG_WARN_DIRECT_OBJC_ISA_USAGE = YES_ERROR;
				CLANG_WARN_DOCUMENTATION_COMMENTS = YES;
				CLANG_WARN_EMPTY_BODY = YES;
				CLANG_WARN_ENUM_CONVERSION = YES;
				CLANG_WARN_INFINITE_RECURSION = YES;
				CLANG_WARN_INT_CONVERSION = YES;
				CLANG_WARN_NON_LITERAL_NULL_CONVERSION = YES;
				CLANG_WARN_OBJC_IMPLICIT_RETAIN_SELF = YES;
				CLANG_WARN_OBJC_LITERAL_CONVERSION = YES;
				CLANG_WARN_OBJC_ROOT_CLASS = YES_ERROR;
				CLANG_WARN_QUOTED_INCLUDE_IN_FRAMEWORK_HEADER = YES;
				CLANG_WARN_RANGE_LOOP_ANALYSIS = YES;
				CLANG_WARN_STRICT_PROTOTYPES = YES;
				CLANG_WARN_SUSPICIOUS_MOVE = YES;
				CLANG_WARN_UNGUARDED_AVAILABILITY = YES_AGGRESSIVE;
				CLANG_WARN_UNREACHABLE_CODE = YES;
				CLANG_WARN__DUPLICATE_METHOD_MATCH = YES;
				COPY_PHASE_STRIP = NO;
				DEBUG_INFORMATION_FORMAT = "dwarf-with-dsym";
				ENABLE_NS_ASSERTIONS = NO;
				ENABLE_STRICT_OBJC_MSGSEND = YES;
				GCC_C_LANGUAGE_STANDARD = gnu11;
				GCC_NO_COMMON_BLOCKS = YES;
				GCC_WARN_64_TO_32_BIT_CONVERSION = YES;
				GCC_WARN_ABOUT_RETURN_TYPE = YES_ERROR;
				GCC_WARN_UNDECLARED_SELECTOR = YES;
				GCC_WARN_UNINITIALIZED_AUTOS = YES_AGGRESSIVE;
				GCC_WARN_UNUSED_FUNCTION = YES;
				GCC_WARN_UNUSED_VARIABLE = YES;
				IPHONEOS_DEPLOYMENT_TARGET = 15.5;
				MTL_ENABLE_DEBUG_INFO = NO;
				MTL_FAST_MATH = YES;
				SDKROOT = iphoneos;
				SWIFT_COMPILATION_MODE = wholemodule;
				SWIFT_OPTIMIZATION_LEVEL = "-O";
				VALIDATE_PRODUCT = YES;
			};
			name = Release;
		};
		FDA4CF28289DB1EB00255671 /* Debug */ = {
			isa = XCBuildConfiguration;
			buildSettings = {
				ASSETCATALOG_COMPILER_APPICON_NAME = AppIcon;
				ASSETCATALOG_COMPILER_GLOBAL_ACCENT_COLOR_NAME = AccentColor;
				CODE_SIGN_STYLE = Automatic;
				CURRENT_PROJECT_VERSION = 1;
				GENERATE_INFOPLIST_FILE = YES;
				INFOPLIST_FILE = "ApprenTic Tac Toe/Info.plist";
				INFOPLIST_KEY_UIApplicationSupportsIndirectInputEvents = YES;
				INFOPLIST_KEY_UILaunchStoryboardName = LaunchScreen;
				INFOPLIST_KEY_UISupportedInterfaceOrientations_iPad = "UIInterfaceOrientationPortrait UIInterfaceOrientationPortraitUpsideDown UIInterfaceOrientationLandscapeLeft UIInterfaceOrientationLandscapeRight";
				INFOPLIST_KEY_UISupportedInterfaceOrientations_iPhone = "UIInterfaceOrientationPortrait UIInterfaceOrientationLandscapeLeft UIInterfaceOrientationLandscapeRight";
				LD_RUNPATH_SEARCH_PATHS = (
					"$(inherited)",
					"@executable_path/Frameworks",
				);
				MARKETING_VERSION = 1.0;
				PRODUCT_BUNDLE_IDENTIFIER = "com.bignerdranch.ApprenTic-Tac-Toe";
				PRODUCT_NAME = "$(TARGET_NAME)";
				SWIFT_EMIT_LOC_STRINGS = YES;
				SWIFT_VERSION = 5.0;
				TARGETED_DEVICE_FAMILY = 1;
			};
			name = Debug;
		};
		FDA4CF29289DB1EB00255671 /* Release */ = {
			isa = XCBuildConfiguration;
			buildSettings = {
				ASSETCATALOG_COMPILER_APPICON_NAME = AppIcon;
				ASSETCATALOG_COMPILER_GLOBAL_ACCENT_COLOR_NAME = AccentColor;
				CODE_SIGN_STYLE = Automatic;
				CURRENT_PROJECT_VERSION = 1;
				GENERATE_INFOPLIST_FILE = YES;
				INFOPLIST_FILE = "ApprenTic Tac Toe/Info.plist";
				INFOPLIST_KEY_UIApplicationSupportsIndirectInputEvents = YES;
				INFOPLIST_KEY_UILaunchStoryboardName = LaunchScreen;
				INFOPLIST_KEY_UISupportedInterfaceOrientations_iPad = "UIInterfaceOrientationPortrait UIInterfaceOrientationPortraitUpsideDown UIInterfaceOrientationLandscapeLeft UIInterfaceOrientationLandscapeRight";
				INFOPLIST_KEY_UISupportedInterfaceOrientations_iPhone = "UIInterfaceOrientationPortrait UIInterfaceOrientationLandscapeLeft UIInterfaceOrientationLandscapeRight";
				LD_RUNPATH_SEARCH_PATHS = (
					"$(inherited)",
					"@executable_path/Frameworks",
				);
				MARKETING_VERSION = 1.0;
				PRODUCT_BUNDLE_IDENTIFIER = "com.bignerdranch.ApprenTic-Tac-Toe";
				PRODUCT_NAME = "$(TARGET_NAME)";
				SWIFT_EMIT_LOC_STRINGS = YES;
				SWIFT_VERSION = 5.0;
				TARGETED_DEVICE_FAMILY = 1;
			};
			name = Release;
		};
		FDA4CF2B289DB1EB00255671 /* Debug */ = {
			isa = XCBuildConfiguration;
			buildSettings = {
				ALWAYS_EMBED_SWIFT_STANDARD_LIBRARIES = YES;
				BUNDLE_LOADER = "$(TEST_HOST)";
				CODE_SIGN_STYLE = Automatic;
				CURRENT_PROJECT_VERSION = 1;
				GENERATE_INFOPLIST_FILE = YES;
				IPHONEOS_DEPLOYMENT_TARGET = 15.5;
				MARKETING_VERSION = 1.0;
				PRODUCT_BUNDLE_IDENTIFIER = "com.bignerdranch.ApprenTic-Tac-ToeTests";
				PRODUCT_NAME = "$(TARGET_NAME)";
				SWIFT_EMIT_LOC_STRINGS = NO;
				SWIFT_VERSION = 5.0;
				TARGETED_DEVICE_FAMILY = "1,2";
				TEST_HOST = "$(BUILT_PRODUCTS_DIR)/ApprenTic Tac Toe.app/ApprenTic Tac Toe";
			};
			name = Debug;
		};
		FDA4CF2C289DB1EB00255671 /* Release */ = {
			isa = XCBuildConfiguration;
			buildSettings = {
				ALWAYS_EMBED_SWIFT_STANDARD_LIBRARIES = YES;
				BUNDLE_LOADER = "$(TEST_HOST)";
				CODE_SIGN_STYLE = Automatic;
				CURRENT_PROJECT_VERSION = 1;
				GENERATE_INFOPLIST_FILE = YES;
				IPHONEOS_DEPLOYMENT_TARGET = 15.5;
				MARKETING_VERSION = 1.0;
				PRODUCT_BUNDLE_IDENTIFIER = "com.bignerdranch.ApprenTic-Tac-ToeTests";
				PRODUCT_NAME = "$(TARGET_NAME)";
				SWIFT_EMIT_LOC_STRINGS = NO;
				SWIFT_VERSION = 5.0;
				TARGETED_DEVICE_FAMILY = "1,2";
				TEST_HOST = "$(BUILT_PRODUCTS_DIR)/ApprenTic Tac Toe.app/ApprenTic Tac Toe";
			};
			name = Release;
		};
		FDA4CF2E289DB1EB00255671 /* Debug */ = {
			isa = XCBuildConfiguration;
			buildSettings = {
				ALWAYS_EMBED_SWIFT_STANDARD_LIBRARIES = YES;
				CODE_SIGN_STYLE = Automatic;
				CURRENT_PROJECT_VERSION = 1;
				GENERATE_INFOPLIST_FILE = YES;
				MARKETING_VERSION = 1.0;
				PRODUCT_BUNDLE_IDENTIFIER = "com.bignerdranch.ApprenTic-Tac-ToeUITests";
				PRODUCT_NAME = "$(TARGET_NAME)";
				SWIFT_EMIT_LOC_STRINGS = NO;
				SWIFT_VERSION = 5.0;
				TARGETED_DEVICE_FAMILY = "1,2";
				TEST_TARGET_NAME = "ApprenTic Tac Toe";
			};
			name = Debug;
		};
		FDA4CF2F289DB1EB00255671 /* Release */ = {
			isa = XCBuildConfiguration;
			buildSettings = {
				ALWAYS_EMBED_SWIFT_STANDARD_LIBRARIES = YES;
				CODE_SIGN_STYLE = Automatic;
				CURRENT_PROJECT_VERSION = 1;
				GENERATE_INFOPLIST_FILE = YES;
				MARKETING_VERSION = 1.0;
				PRODUCT_BUNDLE_IDENTIFIER = "com.bignerdranch.ApprenTic-Tac-ToeUITests";
				PRODUCT_NAME = "$(TARGET_NAME)";
				SWIFT_EMIT_LOC_STRINGS = NO;
				SWIFT_VERSION = 5.0;
				TARGETED_DEVICE_FAMILY = "1,2";
				TEST_TARGET_NAME = "ApprenTic Tac Toe";
			};
			name = Release;
		};
/* End XCBuildConfiguration section */

/* Begin XCConfigurationList section */
		FDA4CEF8289DB1EA00255671 /* Build configuration list for PBXProject "ApprenTic Tac Toe" */ = {
			isa = XCConfigurationList;
			buildConfigurations = (
				FDA4CF25289DB1EB00255671 /* Debug */,
				FDA4CF26289DB1EB00255671 /* Release */,
			);
			defaultConfigurationIsVisible = 0;
			defaultConfigurationName = Release;
		};
		FDA4CF27289DB1EB00255671 /* Build configuration list for PBXNativeTarget "ApprenTic Tac Toe" */ = {
			isa = XCConfigurationList;
			buildConfigurations = (
				FDA4CF28289DB1EB00255671 /* Debug */,
				FDA4CF29289DB1EB00255671 /* Release */,
			);
			defaultConfigurationIsVisible = 0;
			defaultConfigurationName = Release;
		};
		FDA4CF2A289DB1EB00255671 /* Build configuration list for PBXNativeTarget "ApprenTic Tac ToeTests" */ = {
			isa = XCConfigurationList;
			buildConfigurations = (
				FDA4CF2B289DB1EB00255671 /* Debug */,
				FDA4CF2C289DB1EB00255671 /* Release */,
			);
			defaultConfigurationIsVisible = 0;
			defaultConfigurationName = Release;
		};
		FDA4CF2D289DB1EB00255671 /* Build configuration list for PBXNativeTarget "ApprenTic Tac ToeUITests" */ = {
			isa = XCConfigurationList;
			buildConfigurations = (
				FDA4CF2E289DB1EB00255671 /* Debug */,
				FDA4CF2F289DB1EB00255671 /* Release */,
			);
			defaultConfigurationIsVisible = 0;
			defaultConfigurationName = Release;
		};
/* End XCConfigurationList section */
	};
	rootObject = FDA4CEF5289DB1EA00255671 /* Project object */;
}
